// !$*UTF8*$!
{
	archiveVersion = 1;
	classes = {
	};
	objectVersion = 56;
	objects = {

/* Begin PBXBuildFile section */
		A41557692C74AF080042B9FC /* BackButton.swift in Sources */ = {isa = PBXBuildFile; fileRef = A41557682C74AF080042B9FC /* BackButton.swift */; };
		A415576B2C74CB7C0042B9FC /* isFavoriteButton.swift in Sources */ = {isa = PBXBuildFile; fileRef = A415576A2C74CB7C0042B9FC /* isFavoriteButton.swift */; };
		A432AB0E2C703B40007FBB49 /* CardImageView.swift in Sources */ = {isa = PBXBuildFile; fileRef = A432AB0D2C703B40007FBB49 /* CardImageView.swift */; };
		A432AB102C705A87007FBB49 /* CartButton.swift in Sources */ = {isa = PBXBuildFile; fileRef = A432AB0F2C705A87007FBB49 /* CartButton.swift */; };
		A43E3F262C6CB1A70040C715 /* FavoritesView.swift in Sources */ = {isa = PBXBuildFile; fileRef = A43E3F252C6CB1A70040C715 /* FavoritesView.swift */; };
		A43E3F282C6CB1C40040C715 /* CartView.swift in Sources */ = {isa = PBXBuildFile; fileRef = A43E3F272C6CB1C40040C715 /* CartView.swift */; };
		A43E3F2A2C6CBD010040C715 /* ProductCardView.swift in Sources */ = {isa = PBXBuildFile; fileRef = A43E3F292C6CBD010040C715 /* ProductCardView.swift */; };
		A43FC49E2C720F5200BFA6A5 /* Extension+Text.swift in Sources */ = {isa = PBXBuildFile; fileRef = A43FC49D2C720F5200BFA6A5 /* Extension+Text.swift */; };
		A43FC4A52C72425B00BFA6A5 /* ViewModel.swift in Sources */ = {isa = PBXBuildFile; fileRef = A43FC4A42C72425B00BFA6A5 /* ViewModel.swift */; };
		A443F0ED2C62221500E0C35C /* OnlineShopApp.swift in Sources */ = {isa = PBXBuildFile; fileRef = A443F0EC2C62221500E0C35C /* OnlineShopApp.swift */; };
		A443F0EF2C62221500E0C35C /* MainView.swift in Sources */ = {isa = PBXBuildFile; fileRef = A443F0EE2C62221500E0C35C /* MainView.swift */; };
		A443F0F12C62221600E0C35C /* Assets.xcassets in Resources */ = {isa = PBXBuildFile; fileRef = A443F0F02C62221600E0C35C /* Assets.xcassets */; };
		A443F0F42C62221600E0C35C /* Preview Assets.xcassets in Resources */ = {isa = PBXBuildFile; fileRef = A443F0F32C62221600E0C35C /* Preview Assets.xcassets */; };
		A443F1022C62262700E0C35C /* GoogleService-Info.plist in Resources */ = {isa = PBXBuildFile; fileRef = A443F1012C62262700E0C35C /* GoogleService-Info.plist */; };
		A443F1062C62293000E0C35C /* FirebaseAuth in Frameworks */ = {isa = PBXBuildFile; productRef = A443F1052C62293000E0C35C /* FirebaseAuth */; };
		A443F10A2C62294A00E0C35C /* FirebaseFirestore in Frameworks */ = {isa = PBXBuildFile; productRef = A443F1092C62294A00E0C35C /* FirebaseFirestore */; };
		A443F10F2C623D0800E0C35C /* Product.swift in Sources */ = {isa = PBXBuildFile; fileRef = A443F10E2C623D0800E0C35C /* Product.swift */; };
		A45D4D582C734669001509E0 /* DetailView.swift in Sources */ = {isa = PBXBuildFile; fileRef = A45D4D572C734669001509E0 /* DetailView.swift */; };
		A45D63F62C73DE7A00E32EB3 /* SwiftUIView.swift in Sources */ = {isa = PBXBuildFile; fileRef = A45D63F52C73DE7A00E32EB3 /* SwiftUIView.swift */; };
		A472D9772C75050A00FB63C2 /* ProductRowView.swift in Sources */ = {isa = PBXBuildFile; fileRef = A472D9762C75050A00FB63C2 /* ProductRowView.swift */; };
		A472D9792C75325200FB63C2 /* RemoteControlRowView.swift in Sources */ = {isa = PBXBuildFile; fileRef = A472D9782C75325200FB63C2 /* RemoteControlRowView.swift */; };
		A47752F92C75D9F800072968 /* CustomMainButton.swift in Sources */ = {isa = PBXBuildFile; fileRef = A47752F82C75D9F800072968 /* CustomMainButton.swift */; };
		A47752FB2C75F35800072968 /* InfoCartButton.swift in Sources */ = {isa = PBXBuildFile; fileRef = A47752FA2C75F35800072968 /* InfoCartButton.swift */; };
		A477F5272C753E5A00FAA578 /* FirebaseDatabase in Frameworks */ = {isa = PBXBuildFile; productRef = A477F5262C753E5A00FAA578 /* FirebaseDatabase */; };
		A477F5292C753E7100FAA578 /* FirebaseStorage in Frameworks */ = {isa = PBXBuildFile; productRef = A477F5282C753E7100FAA578 /* FirebaseStorage */; };
/* End PBXBuildFile section */

/* Begin PBXFileReference section */
		A41557682C74AF080042B9FC /* BackButton.swift */ = {isa = PBXFileReference; lastKnownFileType = sourcecode.swift; path = BackButton.swift; sourceTree = "<group>"; };
		A415576A2C74CB7C0042B9FC /* isFavoriteButton.swift */ = {isa = PBXFileReference; lastKnownFileType = sourcecode.swift; path = isFavoriteButton.swift; sourceTree = "<group>"; };
		A432AB0D2C703B40007FBB49 /* CardImageView.swift */ = {isa = PBXFileReference; lastKnownFileType = sourcecode.swift; path = CardImageView.swift; sourceTree = "<group>"; };
		A432AB0F2C705A87007FBB49 /* CartButton.swift */ = {isa = PBXFileReference; lastKnownFileType = sourcecode.swift; path = CartButton.swift; sourceTree = "<group>"; };
		A43E3F252C6CB1A70040C715 /* FavoritesView.swift */ = {isa = PBXFileReference; lastKnownFileType = sourcecode.swift; path = FavoritesView.swift; sourceTree = "<group>"; };
		A43E3F272C6CB1C40040C715 /* CartView.swift */ = {isa = PBXFileReference; lastKnownFileType = sourcecode.swift; path = CartView.swift; sourceTree = "<group>"; };
		A43E3F292C6CBD010040C715 /* ProductCardView.swift */ = {isa = PBXFileReference; lastKnownFileType = sourcecode.swift; path = ProductCardView.swift; sourceTree = "<group>"; };
		A43FC49D2C720F5200BFA6A5 /* Extension+Text.swift */ = {isa = PBXFileReference; lastKnownFileType = sourcecode.swift; path = "Extension+Text.swift"; sourceTree = "<group>"; };
		A43FC4A42C72425B00BFA6A5 /* ViewModel.swift */ = {isa = PBXFileReference; lastKnownFileType = sourcecode.swift; path = ViewModel.swift; sourceTree = "<group>"; };
		A443F0E92C62221500E0C35C /* OnlineShop.app */ = {isa = PBXFileReference; explicitFileType = wrapper.application; includeInIndex = 0; path = OnlineShop.app; sourceTree = BUILT_PRODUCTS_DIR; };
		A443F0EC2C62221500E0C35C /* OnlineShopApp.swift */ = {isa = PBXFileReference; lastKnownFileType = sourcecode.swift; path = OnlineShopApp.swift; sourceTree = "<group>"; };
		A443F0EE2C62221500E0C35C /* MainView.swift */ = {isa = PBXFileReference; lastKnownFileType = sourcecode.swift; path = MainView.swift; sourceTree = "<group>"; };
		A443F0F02C62221600E0C35C /* Assets.xcassets */ = {isa = PBXFileReference; lastKnownFileType = folder.assetcatalog; path = Assets.xcassets; sourceTree = "<group>"; };
		A443F0F32C62221600E0C35C /* Preview Assets.xcassets */ = {isa = PBXFileReference; lastKnownFileType = folder.assetcatalog; path = "Preview Assets.xcassets"; sourceTree = "<group>"; };
		A443F1012C62262700E0C35C /* GoogleService-Info.plist */ = {isa = PBXFileReference; fileEncoding = 4; lastKnownFileType = text.plist.xml; path = "GoogleService-Info.plist"; sourceTree = "<group>"; };
		A443F10D2C62296000E0C35C /* Info.plist */ = {isa = PBXFileReference; lastKnownFileType = text.plist; path = Info.plist; sourceTree = "<group>"; };
		A443F10E2C623D0800E0C35C /* Product.swift */ = {isa = PBXFileReference; lastKnownFileType = sourcecode.swift; path = Product.swift; sourceTree = "<group>"; };
		A45D4D572C734669001509E0 /* DetailView.swift */ = {isa = PBXFileReference; lastKnownFileType = sourcecode.swift; path = DetailView.swift; sourceTree = "<group>"; };
		A45D63F52C73DE7A00E32EB3 /* SwiftUIView.swift */ = {isa = PBXFileReference; lastKnownFileType = sourcecode.swift; path = SwiftUIView.swift; sourceTree = "<group>"; };
		A472D9762C75050A00FB63C2 /* ProductRowView.swift */ = {isa = PBXFileReference; lastKnownFileType = sourcecode.swift; path = ProductRowView.swift; sourceTree = "<group>"; };
		A472D9782C75325200FB63C2 /* RemoteControlRowView.swift */ = {isa = PBXFileReference; lastKnownFileType = sourcecode.swift; path = RemoteControlRowView.swift; sourceTree = "<group>"; };
		A47752F82C75D9F800072968 /* CustomMainButton.swift */ = {isa = PBXFileReference; lastKnownFileType = sourcecode.swift; path = CustomMainButton.swift; sourceTree = "<group>"; };
		A47752FA2C75F35800072968 /* InfoCartButton.swift */ = {isa = PBXFileReference; lastKnownFileType = sourcecode.swift; path = InfoCartButton.swift; sourceTree = "<group>"; };
/* End PBXFileReference section */

/* Begin PBXFrameworksBuildPhase section */
		A443F0E62C62221500E0C35C /* Frameworks */ = {
			isa = PBXFrameworksBuildPhase;
			buildActionMask = 2147483647;
			files = (
				A477F5272C753E5A00FAA578 /* FirebaseDatabase in Frameworks */,
				A477F5292C753E7100FAA578 /* FirebaseStorage in Frameworks */,
				A443F1062C62293000E0C35C /* FirebaseAuth in Frameworks */,
				A443F10A2C62294A00E0C35C /* FirebaseFirestore in Frameworks */,
			);
			runOnlyForDeploymentPostprocessing = 0;
		};
/* End PBXFrameworksBuildPhase section */

/* Begin PBXGroup section */
		A41557672C74AE530042B9FC /* Components */ = {
			isa = PBXGroup;
			children = (
				A432AB0F2C705A87007FBB49 /* CartButton.swift */,
				A41557682C74AF080042B9FC /* BackButton.swift */,
				A415576A2C74CB7C0042B9FC /* isFavoriteButton.swift */,
				A47752F82C75D9F800072968 /* CustomMainButton.swift */,
			);
			path = Components;
			sourceTree = "<group>";
		};
		A43FC49F2C7227AB00BFA6A5 /* MainScreen */ = {
			isa = PBXGroup;
			children = (
				A43FC4A32C7229C400BFA6A5 /* View */,
				A43FC4A22C72298B00BFA6A5 /* Subview */,
			);
			path = MainScreen;
			sourceTree = "<group>";
		};
		A43FC4A02C72280D00BFA6A5 /* FavoriteScreen */ = {
			isa = PBXGroup;
			children = (
				A43E3F252C6CB1A70040C715 /* FavoritesView.swift */,
			);
			path = FavoriteScreen;
			sourceTree = "<group>";
		};
		A43FC4A12C72285300BFA6A5 /* CartScreen */ = {
			isa = PBXGroup;
			children = (
				A472D9742C7504A700FB63C2 /* Views */,
				A472D9752C7504C400FB63C2 /* Subview */,
			);
			path = CartScreen;
			sourceTree = "<group>";
		};
		A43FC4A22C72298B00BFA6A5 /* Subview */ = {
			isa = PBXGroup;
			children = (
				A432AB0D2C703B40007FBB49 /* CardImageView.swift */,
				A43E3F292C6CBD010040C715 /* ProductCardView.swift */,
				A45D63F52C73DE7A00E32EB3 /* SwiftUIView.swift */,
			);
			path = Subview;
			sourceTree = "<group>";
		};
		A43FC4A32C7229C400BFA6A5 /* View */ = {
			isa = PBXGroup;
			children = (
				A443F0EE2C62221500E0C35C /* MainView.swift */,
			);
			path = View;
			sourceTree = "<group>";
		};
		A443F0E02C62221500E0C35C = {
			isa = PBXGroup;
			children = (
				A443F0EB2C62221500E0C35C /* OnlineShop */,
				A443F0EA2C62221500E0C35C /* Products */,
				A443F1042C62293000E0C35C /* Frameworks */,
			);
			sourceTree = "<group>";
		};
		A443F0EA2C62221500E0C35C /* Products */ = {
			isa = PBXGroup;
			children = (
				A443F0E92C62221500E0C35C /* OnlineShop.app */,
			);
			name = Products;
			sourceTree = "<group>";
		};
		A443F0EB2C62221500E0C35C /* OnlineShop */ = {
			isa = PBXGroup;
			children = (
				A443F10D2C62296000E0C35C /* Info.plist */,
				A443F0EC2C62221500E0C35C /* OnlineShopApp.swift */,
				A443F0FE2C6222C600E0C35C /* Views */,
				A443F0FD2C6222BF00E0C35C /* ViewModels */,
				A443F0FC2C6222BA00E0C35C /* Models */,
				A41557672C74AE530042B9FC /* Components */,
				A443F0FB2C6222B500E0C35C /* Extensions */,
				A443F0F02C62221600E0C35C /* Assets.xcassets */,
				A443F1012C62262700E0C35C /* GoogleService-Info.plist */,
				A443F0F22C62221600E0C35C /* Preview Content */,
			);
			path = OnlineShop;
			sourceTree = "<group>";
		};
		A443F0F22C62221600E0C35C /* Preview Content */ = {
			isa = PBXGroup;
			children = (
				A443F0F32C62221600E0C35C /* Preview Assets.xcassets */,
			);
			path = "Preview Content";
			sourceTree = "<group>";
		};
		A443F0FB2C6222B500E0C35C /* Extensions */ = {
			isa = PBXGroup;
			children = (
				A43FC49D2C720F5200BFA6A5 /* Extension+Text.swift */,
			);
			path = Extensions;
			sourceTree = "<group>";
		};
		A443F0FC2C6222BA00E0C35C /* Models */ = {
			isa = PBXGroup;
			children = (
				A443F10E2C623D0800E0C35C /* Product.swift */,
			);
			path = Models;
			sourceTree = "<group>";
		};
		A443F0FD2C6222BF00E0C35C /* ViewModels */ = {
			isa = PBXGroup;
			children = (
				A43FC4A42C72425B00BFA6A5 /* ViewModel.swift */,
			);
			path = ViewModels;
			sourceTree = "<group>";
		};
		A443F0FE2C6222C600E0C35C /* Views */ = {
			isa = PBXGroup;
			children = (
				A45D4D552C7345D2001509E0 /* DetailScreen */,
				A43FC49F2C7227AB00BFA6A5 /* MainScreen */,
				A43FC4A12C72285300BFA6A5 /* CartScreen */,
				A43FC4A02C72280D00BFA6A5 /* FavoriteScreen */,
			);
			path = Views;
			sourceTree = "<group>";
		};
		A443F1042C62293000E0C35C /* Frameworks */ = {
			isa = PBXGroup;
			children = (
			);
			name = Frameworks;
			sourceTree = "<group>";
		};
		A45D4D552C7345D2001509E0 /* DetailScreen */ = {
			isa = PBXGroup;
			children = (
				A45D4D562C734633001509E0 /* View */,
			);
			path = DetailScreen;
			sourceTree = "<group>";
		};
		A45D4D562C734633001509E0 /* View */ = {
			isa = PBXGroup;
			children = (
				A45D4D572C734669001509E0 /* DetailView.swift */,
			);
			path = View;
			sourceTree = "<group>";
		};
		A472D9742C7504A700FB63C2 /* Views */ = {
			isa = PBXGroup;
			children = (
				A43E3F272C6CB1C40040C715 /* CartView.swift */,
			);
			path = Views;
			sourceTree = "<group>";
		};
		A472D9752C7504C400FB63C2 /* Subview */ = {
			isa = PBXGroup;
			children = (
				A472D9762C75050A00FB63C2 /* ProductRowView.swift */,
				A472D9782C75325200FB63C2 /* RemoteControlRowView.swift */,
				A47752FA2C75F35800072968 /* InfoCartButton.swift */,
			);
			path = Subview;
			sourceTree = "<group>";
		};
/* End PBXGroup section */

/* Begin PBXNativeTarget section */
		A443F0E82C62221500E0C35C /* OnlineShop */ = {
			isa = PBXNativeTarget;
			buildConfigurationList = A443F0F72C62221600E0C35C /* Build configuration list for PBXNativeTarget "OnlineShop" */;
			buildPhases = (
				A443F0E52C62221500E0C35C /* Sources */,
				A443F0E62C62221500E0C35C /* Frameworks */,
				A443F0E72C62221500E0C35C /* Resources */,
			);
			buildRules = (
			);
			dependencies = (
			);
			name = OnlineShop;
			packageProductDependencies = (
				A443F1052C62293000E0C35C /* FirebaseAuth */,
				A443F1092C62294A00E0C35C /* FirebaseFirestore */,
				A477F5262C753E5A00FAA578 /* FirebaseDatabase */,
				A477F5282C753E7100FAA578 /* FirebaseStorage */,
			);
			productName = OnlineShop;
			productReference = A443F0E92C62221500E0C35C /* OnlineShop.app */;
			productType = "com.apple.product-type.application";
		};
/* End PBXNativeTarget section */

/* Begin PBXProject section */
		A443F0E12C62221500E0C35C /* Project object */ = {
			isa = PBXProject;
			attributes = {
				BuildIndependentTargetsInParallel = 1;
				LastSwiftUpdateCheck = 1540;
				LastUpgradeCheck = 1540;
				TargetAttributes = {
					A443F0E82C62221500E0C35C = {
						CreatedOnToolsVersion = 15.4;
					};
				};
			};
			buildConfigurationList = A443F0E42C62221500E0C35C /* Build configuration list for PBXProject "OnlineShop" */;
			compatibilityVersion = "Xcode 14.0";
			developmentRegion = en;
			hasScannedForEncodings = 0;
			knownRegions = (
				en,
				Base,
			);
			mainGroup = A443F0E02C62221500E0C35C;
			packageReferences = (
				A443F1032C6226DC00E0C35C /* XCRemoteSwiftPackageReference "firebase-ios-sdk" */,
			);
			productRefGroup = A443F0EA2C62221500E0C35C /* Products */;
			projectDirPath = "";
			projectRoot = "";
			targets = (
				A443F0E82C62221500E0C35C /* OnlineShop */,
			);
		};
/* End PBXProject section */

/* Begin PBXResourcesBuildPhase section */
		A443F0E72C62221500E0C35C /* Resources */ = {
			isa = PBXResourcesBuildPhase;
			buildActionMask = 2147483647;
			files = (
				A443F0F42C62221600E0C35C /* Preview Assets.xcassets in Resources */,
				A443F0F12C62221600E0C35C /* Assets.xcassets in Resources */,
				A443F1022C62262700E0C35C /* GoogleService-Info.plist in Resources */,
			);
			runOnlyForDeploymentPostprocessing = 0;
		};
/* End PBXResourcesBuildPhase section */

/* Begin PBXSourcesBuildPhase section */
		A443F0E52C62221500E0C35C /* Sources */ = {
			isa = PBXSourcesBuildPhase;
			buildActionMask = 2147483647;
			files = (
				A43E3F2A2C6CBD010040C715 /* ProductCardView.swift in Sources */,
				A432AB102C705A87007FBB49 /* CartButton.swift in Sources */,
				A472D9772C75050A00FB63C2 /* ProductRowView.swift in Sources */,
				A45D63F62C73DE7A00E32EB3 /* SwiftUIView.swift in Sources */,
				A43FC49E2C720F5200BFA6A5 /* Extension+Text.swift in Sources */,
				A47752FB2C75F35800072968 /* InfoCartButton.swift in Sources */,
				A472D9792C75325200FB63C2 /* RemoteControlRowView.swift in Sources */,
				A43E3F282C6CB1C40040C715 /* CartView.swift in Sources */,
				A432AB0E2C703B40007FBB49 /* CardImageView.swift in Sources */,
				A45D4D582C734669001509E0 /* DetailView.swift in Sources */,
				A415576B2C74CB7C0042B9FC /* isFavoriteButton.swift in Sources */,
				A43FC4A52C72425B00BFA6A5 /* ViewModel.swift in Sources */,
				A43E3F262C6CB1A70040C715 /* FavoritesView.swift in Sources */,
				A443F0EF2C62221500E0C35C /* MainView.swift in Sources */,
				A47752F92C75D9F800072968 /* CustomMainButton.swift in Sources */,
				A443F0ED2C62221500E0C35C /* OnlineShopApp.swift in Sources */,
				A41557692C74AF080042B9FC /* BackButton.swift in Sources */,
				A443F10F2C623D0800E0C35C /* Product.swift in Sources */,
			);
			runOnlyForDeploymentPostprocessing = 0;
		};
/* End PBXSourcesBuildPhase section */

/* Begin XCBuildConfiguration section */
		A443F0F52C62221600E0C35C /* Debug */ = {
			isa = XCBuildConfiguration;
			buildSettings = {
				ALWAYS_SEARCH_USER_PATHS = NO;
				ASSETCATALOG_COMPILER_GENERATE_SWIFT_ASSET_SYMBOL_EXTENSIONS = YES;
				CLANG_ANALYZER_NONNULL = YES;
				CLANG_ANALYZER_NUMBER_OBJECT_CONVERSION = YES_AGGRESSIVE;
				CLANG_CXX_LANGUAGE_STANDARD = "gnu++20";
				CLANG_ENABLE_MODULES = YES;
				CLANG_ENABLE_OBJC_ARC = YES;
				CLANG_ENABLE_OBJC_WEAK = YES;
				CLANG_WARN_BLOCK_CAPTURE_AUTORELEASING = YES;
				CLANG_WARN_BOOL_CONVERSION = YES;
				CLANG_WARN_COMMA = YES;
				CLANG_WARN_CONSTANT_CONVERSION = YES;
				CLANG_WARN_DEPRECATED_OBJC_IMPLEMENTATIONS = YES;
				CLANG_WARN_DIRECT_OBJC_ISA_USAGE = YES_ERROR;
				CLANG_WARN_DOCUMENTATION_COMMENTS = YES;
				CLANG_WARN_EMPTY_BODY = YES;
				CLANG_WARN_ENUM_CONVERSION = YES;
				CLANG_WARN_INFINITE_RECURSION = YES;
				CLANG_WARN_INT_CONVERSION = YES;
				CLANG_WARN_NON_LITERAL_NULL_CONVERSION = YES;
				CLANG_WARN_OBJC_IMPLICIT_RETAIN_SELF = YES;
				CLANG_WARN_OBJC_LITERAL_CONVERSION = YES;
				CLANG_WARN_OBJC_ROOT_CLASS = YES_ERROR;
				CLANG_WARN_QUOTED_INCLUDE_IN_FRAMEWORK_HEADER = YES;
				CLANG_WARN_RANGE_LOOP_ANALYSIS = YES;
				CLANG_WARN_STRICT_PROTOTYPES = YES;
				CLANG_WARN_SUSPICIOUS_MOVE = YES;
				CLANG_WARN_UNGUARDED_AVAILABILITY = YES_AGGRESSIVE;
				CLANG_WARN_UNREACHABLE_CODE = YES;
				CLANG_WARN__DUPLICATE_METHOD_MATCH = YES;
				COPY_PHASE_STRIP = NO;
				DEBUG_INFORMATION_FORMAT = dwarf;
				ENABLE_STRICT_OBJC_MSGSEND = YES;
				ENABLE_TESTABILITY = YES;
				ENABLE_USER_SCRIPT_SANDBOXING = YES;
				GCC_C_LANGUAGE_STANDARD = gnu17;
				GCC_DYNAMIC_NO_PIC = NO;
				GCC_NO_COMMON_BLOCKS = YES;
				GCC_OPTIMIZATION_LEVEL = 0;
				GCC_PREPROCESSOR_DEFINITIONS = (
					"DEBUG=1",
					"$(inherited)",
				);
				GCC_WARN_64_TO_32_BIT_CONVERSION = YES;
				GCC_WARN_ABOUT_RETURN_TYPE = YES_ERROR;
				GCC_WARN_UNDECLARED_SELECTOR = YES;
				GCC_WARN_UNINITIALIZED_AUTOS = YES_AGGRESSIVE;
				GCC_WARN_UNUSED_FUNCTION = YES;
				GCC_WARN_UNUSED_VARIABLE = YES;
				IPHONEOS_DEPLOYMENT_TARGET = 17.5;
				LOCALIZATION_PREFERS_STRING_CATALOGS = YES;
				MTL_ENABLE_DEBUG_INFO = INCLUDE_SOURCE;
				MTL_FAST_MATH = YES;
				ONLY_ACTIVE_ARCH = YES;
				SDKROOT = iphoneos;
				SWIFT_ACTIVE_COMPILATION_CONDITIONS = "DEBUG $(inherited)";
				SWIFT_OPTIMIZATION_LEVEL = "-Onone";
			};
			name = Debug;
		};
		A443F0F62C62221600E0C35C /* Release */ = {
			isa = XCBuildConfiguration;
			buildSettings = {
				ALWAYS_SEARCH_USER_PATHS = NO;
				ASSETCATALOG_COMPILER_GENERATE_SWIFT_ASSET_SYMBOL_EXTENSIONS = YES;
				CLANG_ANALYZER_NONNULL = YES;
				CLANG_ANALYZER_NUMBER_OBJECT_CONVERSION = YES_AGGRESSIVE;
				CLANG_CXX_LANGUAGE_STANDARD = "gnu++20";
				CLANG_ENABLE_MODULES = YES;
				CLANG_ENABLE_OBJC_ARC = YES;
				CLANG_ENABLE_OBJC_WEAK = YES;
				CLANG_WARN_BLOCK_CAPTURE_AUTORELEASING = YES;
				CLANG_WARN_BOOL_CONVERSION = YES;
				CLANG_WARN_COMMA = YES;
				CLANG_WARN_CONSTANT_CONVERSION = YES;
				CLANG_WARN_DEPRECATED_OBJC_IMPLEMENTATIONS = YES;
				CLANG_WARN_DIRECT_OBJC_ISA_USAGE = YES_ERROR;
				CLANG_WARN_DOCUMENTATION_COMMENTS = YES;
				CLANG_WARN_EMPTY_BODY = YES;
				CLANG_WARN_ENUM_CONVERSION = YES;
				CLANG_WARN_INFINITE_RECURSION = YES;
				CLANG_WARN_INT_CONVERSION = YES;
				CLANG_WARN_NON_LITERAL_NULL_CONVERSION = YES;
				CLANG_WARN_OBJC_IMPLICIT_RETAIN_SELF = YES;
				CLANG_WARN_OBJC_LITERAL_CONVERSION = YES;
				CLANG_WARN_OBJC_ROOT_CLASS = YES_ERROR;
				CLANG_WARN_QUOTED_INCLUDE_IN_FRAMEWORK_HEADER = YES;
				CLANG_WARN_RANGE_LOOP_ANALYSIS = YES;
				CLANG_WARN_STRICT_PROTOTYPES = YES;
				CLANG_WARN_SUSPICIOUS_MOVE = YES;
				CLANG_WARN_UNGUARDED_AVAILABILITY = YES_AGGRESSIVE;
				CLANG_WARN_UNREACHABLE_CODE = YES;
				CLANG_WARN__DUPLICATE_METHOD_MATCH = YES;
				COPY_PHASE_STRIP = NO;
				DEBUG_INFORMATION_FORMAT = "dwarf-with-dsym";
				ENABLE_NS_ASSERTIONS = NO;
				ENABLE_STRICT_OBJC_MSGSEND = YES;
				ENABLE_USER_SCRIPT_SANDBOXING = YES;
				GCC_C_LANGUAGE_STANDARD = gnu17;
				GCC_NO_COMMON_BLOCKS = YES;
				GCC_WARN_64_TO_32_BIT_CONVERSION = YES;
				GCC_WARN_ABOUT_RETURN_TYPE = YES_ERROR;
				GCC_WARN_UNDECLARED_SELECTOR = YES;
				GCC_WARN_UNINITIALIZED_AUTOS = YES_AGGRESSIVE;
				GCC_WARN_UNUSED_FUNCTION = YES;
				GCC_WARN_UNUSED_VARIABLE = YES;
				IPHONEOS_DEPLOYMENT_TARGET = 17.5;
				LOCALIZATION_PREFERS_STRING_CATALOGS = YES;
				MTL_ENABLE_DEBUG_INFO = NO;
				MTL_FAST_MATH = YES;
				SDKROOT = iphoneos;
				SWIFT_COMPILATION_MODE = wholemodule;
				VALIDATE_PRODUCT = YES;
			};
			name = Release;
		};
		A443F0F82C62221600E0C35C /* Debug */ = {
			isa = XCBuildConfiguration;
			buildSettings = {
				ASSETCATALOG_COMPILER_APPICON_NAME = AppIcon;
				ASSETCATALOG_COMPILER_GLOBAL_ACCENT_COLOR_NAME = AccentColor;
				CODE_SIGN_STYLE = Automatic;
				CURRENT_PROJECT_VERSION = 1;
				DEVELOPMENT_ASSET_PATHS = "\"OnlineShop/Preview Content\"";
				ENABLE_PREVIEWS = YES;
				GENERATE_INFOPLIST_FILE = YES;
				INFOPLIST_FILE = OnlineShop/Info.plist;
				INFOPLIST_KEY_UIApplicationSceneManifest_Generation = YES;
				INFOPLIST_KEY_UIApplicationSupportsIndirectInputEvents = YES;
				INFOPLIST_KEY_UILaunchScreen_Generation = YES;
				INFOPLIST_KEY_UISupportedInterfaceOrientations = UIInterfaceOrientationPortrait;
				INFOPLIST_KEY_UISupportedInterfaceOrientations_iPad = "UIInterfaceOrientationLandscapeLeft UIInterfaceOrientationLandscapeRight UIInterfaceOrientationPortrait UIInterfaceOrientationPortraitUpsideDown";
				IPHONEOS_DEPLOYMENT_TARGET = 17.0;
				LD_RUNPATH_SEARCH_PATHS = (
					"$(inherited)",
					"@executable_path/Frameworks",
				);
				MARKETING_VERSION = 1.0;
				PRODUCT_BUNDLE_IDENTIFIER = KhusravSafiev.OnlineShop;
				PRODUCT_NAME = "$(TARGET_NAME)";
				SUPPORTED_PLATFORMS = "iphoneos iphonesimulator";
				SUPPORTS_MACCATALYST = NO;
				SUPPORTS_MAC_DESIGNED_FOR_IPHONE_IPAD = NO;
				SUPPORTS_XR_DESIGNED_FOR_IPHONE_IPAD = NO;
				SWIFT_EMIT_LOC_STRINGS = YES;
				SWIFT_VERSION = 5.0;
				TARGETED_DEVICE_FAMILY = 1;
			};
			name = Debug;
		};
		A443F0F92C62221600E0C35C /* Release */ = {
			isa = XCBuildConfiguration;
			buildSettings = {
				ASSETCATALOG_COMPILER_APPICON_NAME = AppIcon;
				ASSETCATALOG_COMPILER_GLOBAL_ACCENT_COLOR_NAME = AccentColor;
				CODE_SIGN_STYLE = Automatic;
				CURRENT_PROJECT_VERSION = 1;
				DEVELOPMENT_ASSET_PATHS = "\"OnlineShop/Preview Content\"";
				ENABLE_PREVIEWS = YES;
				GENERATE_INFOPLIST_FILE = YES;
				INFOPLIST_FILE = OnlineShop/Info.plist;
				INFOPLIST_KEY_UIApplicationSceneManifest_Generation = YES;
				INFOPLIST_KEY_UIApplicationSupportsIndirectInputEvents = YES;
				INFOPLIST_KEY_UILaunchScreen_Generation = YES;
				INFOPLIST_KEY_UISupportedInterfaceOrientations = UIInterfaceOrientationPortrait;
				INFOPLIST_KEY_UISupportedInterfaceOrientations_iPad = "UIInterfaceOrientationLandscapeLeft UIInterfaceOrientationLandscapeRight UIInterfaceOrientationPortrait UIInterfaceOrientationPortraitUpsideDown";
				IPHONEOS_DEPLOYMENT_TARGET = 17.0;
				LD_RUNPATH_SEARCH_PATHS = (
					"$(inherited)",
					"@executable_path/Frameworks",
				);
				MARKETING_VERSION = 1.0;
				PRODUCT_BUNDLE_IDENTIFIER = KhusravSafiev.OnlineShop;
				PRODUCT_NAME = "$(TARGET_NAME)";
				SUPPORTED_PLATFORMS = "iphoneos iphonesimulator";
				SUPPORTS_MACCATALYST = NO;
				SUPPORTS_MAC_DESIGNED_FOR_IPHONE_IPAD = NO;
				SUPPORTS_XR_DESIGNED_FOR_IPHONE_IPAD = NO;
				SWIFT_EMIT_LOC_STRINGS = YES;
				SWIFT_VERSION = 5.0;
				TARGETED_DEVICE_FAMILY = 1;
			};
			name = Release;
		};
/* End XCBuildConfiguration section */

/* Begin XCConfigurationList section */
		A443F0E42C62221500E0C35C /* Build configuration list for PBXProject "OnlineShop" */ = {
			isa = XCConfigurationList;
			buildConfigurations = (
				A443F0F52C62221600E0C35C /* Debug */,
				A443F0F62C62221600E0C35C /* Release */,
			);
			defaultConfigurationIsVisible = 0;
			defaultConfigurationName = Release;
		};
		A443F0F72C62221600E0C35C /* Build configuration list for PBXNativeTarget "OnlineShop" */ = {
			isa = XCConfigurationList;
			buildConfigurations = (
				A443F0F82C62221600E0C35C /* Debug */,
				A443F0F92C62221600E0C35C /* Release */,
			);
			defaultConfigurationIsVisible = 0;
			defaultConfigurationName = Release;
		};
/* End XCConfigurationList section */

/* Begin XCRemoteSwiftPackageReference section */
		A443F1032C6226DC00E0C35C /* XCRemoteSwiftPackageReference "firebase-ios-sdk" */ = {
			isa = XCRemoteSwiftPackageReference;
			repositoryURL = "https://github.com/firebase/firebase-ios-sdk";
			requirement = {
				kind = upToNextMajorVersion;
				minimumVersion = 11.0.0;
			};
		};
/* End XCRemoteSwiftPackageReference section */

/* Begin XCSwiftPackageProductDependency section */
		A443F1052C62293000E0C35C /* FirebaseAuth */ = {
			isa = XCSwiftPackageProductDependency;
			package = A443F1032C6226DC00E0C35C /* XCRemoteSwiftPackageReference "firebase-ios-sdk" */;
			productName = FirebaseAuth;
		};
		A443F1092C62294A00E0C35C /* FirebaseFirestore */ = {
			isa = XCSwiftPackageProductDependency;
			package = A443F1032C6226DC00E0C35C /* XCRemoteSwiftPackageReference "firebase-ios-sdk" */;
			productName = FirebaseFirestore;
		};
		A477F5262C753E5A00FAA578 /* FirebaseDatabase */ = {
			isa = XCSwiftPackageProductDependency;
			package = A443F1032C6226DC00E0C35C /* XCRemoteSwiftPackageReference "firebase-ios-sdk" */;
			productName = FirebaseDatabase;
		};
		A477F5282C753E7100FAA578 /* FirebaseStorage */ = {
			isa = XCSwiftPackageProductDependency;
			package = A443F1032C6226DC00E0C35C /* XCRemoteSwiftPackageReference "firebase-ios-sdk" */;
			productName = FirebaseStorage;
		};
/* End XCSwiftPackageProductDependency section */
	};
	rootObject = A443F0E12C62221500E0C35C /* Project object */;
}
